// !$*UTF8*$!
{
	archiveVersion = 1;
	classes = {
	};
	objectVersion = 50;
	objects = {

/* Begin PBXBuildFile section */
		D370C47123AD5EAE004A79AF /* PCH_NumericManipulations.c in Sources */ = {isa = PBXBuildFile; fileRef = D370C47023AD5EAE004A79AF /* PCH_NumericManipulations.c */; };
		D3CC52D723AAF1390099922E /* main.cpp in Sources */ = {isa = PBXBuildFile; fileRef = D3CC52D623AAF1390099922E /* main.cpp */; };
		D3CC52E023AAF6BA0099922E /* PCH_PList.cpp in Sources */ = {isa = PBXBuildFile; fileRef = D3CC52DE23AAF6BA0099922E /* PCH_PList.cpp */; };
/* End PBXBuildFile section */

/* Begin PBXCopyFilesBuildPhase section */
		D3CC52D123AAF1390099922E /* CopyFiles */ = {
			isa = PBXCopyFilesBuildPhase;
			buildActionMask = 2147483647;
			dstPath = /usr/share/man/man1/;
			dstSubfolderSpec = 0;
			files = (
			);
			runOnlyForDeploymentPostprocessing = 1;
		};
/* End PBXCopyFilesBuildPhase section */

/* Begin PBXFileReference section */
		D370C46F23AD5EAE004A79AF /* PCH_NumericManipulations.h */ = {isa = PBXFileReference; lastKnownFileType = sourcecode.c.h; path = PCH_NumericManipulations.h; sourceTree = "<group>"; };
		D370C47023AD5EAE004A79AF /* PCH_NumericManipulations.c */ = {isa = PBXFileReference; lastKnownFileType = sourcecode.c.c; path = PCH_NumericManipulations.c; sourceTree = "<group>"; };
		D3CC52D323AAF1390099922E /* PCH_PListReader */ = {isa = PBXFileReference; explicitFileType = "compiled.mach-o.executable"; includeInIndex = 0; path = PCH_PListReader; sourceTree = BUILT_PRODUCTS_DIR; };
		D3CC52D623AAF1390099922E /* main.cpp */ = {isa = PBXFileReference; lastKnownFileType = sourcecode.cpp.cpp; path = main.cpp; sourceTree = "<group>"; };
		D3CC52DE23AAF6BA0099922E /* PCH_PList.cpp */ = {isa = PBXFileReference; lastKnownFileType = sourcecode.cpp.cpp; path = PCH_PList.cpp; sourceTree = "<group>"; };
		D3CC52DF23AAF6BA0099922E /* PCH_PList.hpp */ = {isa = PBXFileReference; lastKnownFileType = sourcecode.cpp.h; path = PCH_PList.hpp; sourceTree = "<group>"; };
/* End PBXFileReference section */

/* Begin PBXFrameworksBuildPhase section */
		D3CC52D023AAF1390099922E /* Frameworks */ = {
			isa = PBXFrameworksBuildPhase;
			buildActionMask = 2147483647;
			files = (
			);
			runOnlyForDeploymentPostprocessing = 0;
		};
/* End PBXFrameworksBuildPhase section */

/* Begin PBXGroup section */
		D3CC52CA23AAF1390099922E = {
			isa = PBXGroup;
			children = (
				D3CC52D523AAF1390099922E /* PCH_PListReader */,
				D3CC52D423AAF1390099922E /* Products */,
			);
			sourceTree = "<group>";
		};
		D3CC52D423AAF1390099922E /* Products */ = {
			isa = PBXGroup;
			children = (
				D3CC52D323AAF1390099922E /* PCH_PListReader */,
			);
			name = Products;
			sourceTree = "<group>";
		};
		D3CC52D523AAF1390099922E /* PCH_PListReader */ = {
			isa = PBXGroup;
			children = (
				D3CC52D623AAF1390099922E /* main.cpp */,
				D3CC52DE23AAF6BA0099922E /* PCH_PList.cpp */,
				D3CC52DF23AAF6BA0099922E /* PCH_PList.hpp */,
				D370C46F23AD5EAE004A79AF /* PCH_NumericManipulations.h */,
				D370C47023AD5EAE004A79AF /* PCH_NumericManipulations.c */,
			);
			path = PCH_PListReader;
			sourceTree = "<group>";
		};
/* End PBXGroup section */

/* Begin PBXNativeTarget section */
		D3CC52D223AAF1390099922E /* PCH_PListReader */ = {
			isa = PBXNativeTarget;
			buildConfigurationList = D3CC52DA23AAF1390099922E /* Build configuration list for PBXNativeTarget "PCH_PListReader" */;
			buildPhases = (
				D3CC52CF23AAF1390099922E /* Sources */,
				D3CC52D023AAF1390099922E /* Frameworks */,
				D3CC52D123AAF1390099922E /* CopyFiles */,
			);
			buildRules = (
			);
			dependencies = (
			);
			name = PCH_PListReader;
			productName = PCH_PListReader;
			productReference = D3CC52D323AAF1390099922E /* PCH_PListReader */;
			productType = "com.apple.product-type.tool";
		};
/* End PBXNativeTarget section */

/* Begin PBXProject section */
		D3CC52CB23AAF1390099922E /* Project object */ = {
			isa = PBXProject;
			attributes = {
				LastUpgradeCheck = 1130;
				ORGANIZATIONNAME = "Peter Huber";
				TargetAttributes = {
					D3CC52D223AAF1390099922E = {
						CreatedOnToolsVersion = 11.3;
					};
				};
			};
			buildConfigurationList = D3CC52CE23AAF1390099922E /* Build configuration list for PBXProject "PCH_PListReader" */;
			compatibilityVersion = "Xcode 9.3";
			developmentRegion = en;
			hasScannedForEncodings = 0;
			knownRegions = (
				en,
				Base,
			);
			mainGroup = D3CC52CA23AAF1390099922E;
			productRefGroup = D3CC52D423AAF1390099922E /* Products */;
			projectDirPath = "";
			projectRoot = "";
			targets = (
				D3CC52D223AAF1390099922E /* PCH_PListReader */,
			);
		};
/* End PBXProject section */

/* Begin PBXSourcesBuildPhase section */
		D3CC52CF23AAF1390099922E /* Sources */ = {
			isa = PBXSourcesBuildPhase;
			buildActionMask = 2147483647;
			files = (
				D3CC52E023AAF6BA0099922E /* PCH_PList.cpp in Sources */,
				D3CC52D723AAF1390099922E /* main.cpp in Sources */,
				D370C47123AD5EAE004A79AF /* PCH_NumericManipulations.c in Sources */,
			);
			runOnlyForDeploymentPostprocessing = 0;
		};
/* End PBXSourcesBuildPhase section */

/* Begin XCBuildConfiguration section */
		D3CC52D823AAF1390099922E /* Debug */ = {
			isa = XCBuildConfiguration;
			buildSettings = {
				ALWAYS_SEARCH_USER_PATHS = NO;
				CLANG_ANALYZER_NONNULL = YES;
				CLANG_ANALYZER_NUMBER_OBJECT_CONVERSION = YES_AGGRESSIVE;
				CLANG_CXX_LANGUAGE_STANDARD = "gnu++14";
				CLANG_CXX_LIBRARY = "libc++";
				CLANG_ENABLE_MODULES = YES;
				CLANG_ENABLE_OBJC_ARC = YES;
				CLANG_ENABLE_OBJC_WEAK = YES;
				CLANG_WARN_BLOCK_CAPTURE_AUTORELEASING = YES;
				CLANG_WARN_BOOL_CONVERSION = YES;
				CLANG_WARN_COMMA = YES;
				CLANG_WARN_CONSTANT_CONVERSION = YES;
				CLANG_WARN_DEPRECATED_OBJC_IMPLEMENTATIONS = YES;
				CLANG_WARN_DIRECT_OBJC_ISA_USAGE = YES_ERROR;
				CLANG_WARN_DOCUMENTATION_COMMENTS = YES;
				CLANG_WARN_EMPTY_BODY = YES;
				CLANG_WARN_ENUM_CONVERSION = YES;
				CLANG_WARN_INFINITE_RECURSION = YES;
				CLANG_WARN_INT_CONVERSION = YES;
				CLANG_WARN_NON_LITERAL_NULL_CONVERSION = YES;
				CLANG_WARN_OBJC_IMPLICIT_RETAIN_SELF = YES;
				CLANG_WARN_OBJC_LITERAL_CONVERSION = YES;
				CLANG_WARN_OBJC_ROOT_CLASS = YES_ERROR;
				CLANG_WARN_RANGE_LOOP_ANALYSIS = YES;
				CLANG_WARN_STRICT_PROTOTYPES = YES;
				CLANG_WARN_SUSPICIOUS_MOVE = YES;
				CLANG_WARN_UNGUARDED_AVAILABILITY = YES_AGGRESSIVE;
				CLANG_WARN_UNREACHABLE_CODE = YES;
				CLANG_WARN__DUPLICATE_METHOD_MATCH = YES;
				COPY_PHASE_STRIP = NO;
				DEBUG_INFORMATION_FORMAT = dwarf;
				ENABLE_STRICT_OBJC_MSGSEND = YES;
				ENABLE_TESTABILITY = YES;
				GCC_C_LANGUAGE_STANDARD = gnu11;
				GCC_DYNAMIC_NO_PIC = NO;
				GCC_NO_COMMON_BLOCKS = YES;
				GCC_OPTIMIZATION_LEVEL = 0;
				GCC_PREPROCESSOR_DEFINITIONS = (
					"DEBUG=1",
					"$(inherited)",
				);
				GCC_WARN_64_TO_32_BIT_CONVERSION = YES;
				GCC_WARN_ABOUT_RETURN_TYPE = YES_ERROR;
				GCC_WARN_UNDECLARED_SELECTOR = YES;
				GCC_WARN_UNINITIALIZED_AUTOS = YES_AGGRESSIVE;
				GCC_WARN_UNUSED_FUNCTION = YES;
				GCC_WARN_UNUSED_VARIABLE = YES;
				MACOSX_DEPLOYMENT_TARGET = 10.15;
				MTL_ENABLE_DEBUG_INFO = INCLUDE_SOURCE;
				MTL_FAST_MATH = YES;
				ONLY_ACTIVE_ARCH = YES;
				SDKROOT = macosx;
			};
			name = Debug;
		};
		D3CC52D923AAF1390099922E /* Release */ = {
			isa = XCBuildConfiguration;
			buildSettings = {
				ALWAYS_SEARCH_USER_PATHS = NO;
				CLANG_ANALYZER_NONNULL = YES;
				CLANG_ANALYZER_NUMBER_OBJECT_CONVERSION = YES_AGGRESSIVE;
				CLANG_CXX_LANGUAGE_STANDARD = "gnu++14";
				CLANG_CXX_LIBRARY = "libc++";
				CLANG_ENABLE_MODULES = YES;
				CLANG_ENABLE_OBJC_ARC = YES;
				CLANG_ENABLE_OBJC_WEAK = YES;
				CLANG_WARN_BLOCK_CAPTURE_AUTORELEASING = YES;
				CLANG_WARN_BOOL_CONVERSION = YES;
				CLANG_WARN_COMMA = YES;
				CLANG_WARN_CONSTANT_CONVERSION = YES;
				CLANG_WARN_DEPRECATED_OBJC_IMPLEMENTATIONS = YES;
				CLANG_WARN_DIRECT_OBJC_ISA_USAGE = YES_ERROR;
				CLANG_WARN_DOCUMENTATION_COMMENTS = YES;
				CLANG_WARN_EMPTY_BODY = YES;
				CLANG_WARN_ENUM_CONVERSION = YES;
				CLANG_WARN_INFINITE_RECURSION = YES;
				CLANG_WARN_INT_CONVERSION = YES;
				CLANG_WARN_NON_LITERAL_NULL_CONVERSION = YES;
				CLANG_WARN_OBJC_IMPLICIT_RETAIN_SELF = YES;
				CLANG_WARN_OBJC_LITERAL_CONVERSION = YES;
				CLANG_WARN_OBJC_ROOT_CLASS = YES_ERROR;
				CLANG_WARN_RANGE_LOOP_ANALYSIS = YES;
				CLANG_WARN_STRICT_PROTOTYPES = YES;
				CLANG_WARN_SUSPICIOUS_MOVE = YES;
				CLANG_WARN_UNGUARDED_AVAILABILITY = YES_AGGRESSIVE;
				CLANG_WARN_UNREACHABLE_CODE = YES;
				CLANG_WARN__DUPLICATE_METHOD_MATCH = YES;
				COPY_PHASE_STRIP = NO;
				DEBUG_INFORMATION_FORMAT = "dwarf-with-dsym";
				ENABLE_NS_ASSERTIONS = NO;
				ENABLE_STRICT_OBJC_MSGSEND = YES;
				GCC_C_LANGUAGE_STANDARD = gnu11;
				GCC_NO_COMMON_BLOCKS = YES;
				GCC_WARN_64_TO_32_BIT_CONVERSION = YES;
				GCC_WARN_ABOUT_RETURN_TYPE = YES_ERROR;
				GCC_WARN_UNDECLARED_SELECTOR = YES;
				GCC_WARN_UNINITIALIZED_AUTOS = YES_AGGRESSIVE;
				GCC_WARN_UNUSED_FUNCTION = YES;
				GCC_WARN_UNUSED_VARIABLE = YES;
				MACOSX_DEPLOYMENT_TARGET = 10.15;
				MTL_ENABLE_DEBUG_INFO = NO;
				MTL_FAST_MATH = YES;
				SDKROOT = macosx;
			};
			name = Release;
		};
		D3CC52DB23AAF1390099922E /* Debug */ = {
			isa = XCBuildConfiguration;
			buildSettings = {
				CODE_SIGN_STYLE = Automatic;
				DEVELOPMENT_TEAM = WPGZ62544B;
				ENABLE_HARDENED_RUNTIME = YES;
				PRODUCT_NAME = "$(TARGET_NAME)";
			};
			name = Debug;
		};
		D3CC52DC23AAF1390099922E /* Release */ = {
			isa = XCBuildConfiguration;
			buildSettings = {
				CODE_SIGN_STYLE = Automatic;
				DEVELOPMENT_TEAM = WPGZ62544B;
				ENABLE_HARDENED_RUNTIME = YES;
				PRODUCT_NAME = "$(TARGET_NAME)";
			};
			name = Release;
		};
/* End XCBuildConfiguration section */

/* Begin XCConfigurationList section */
		D3CC52CE23AAF1390099922E /* Build configuration list for PBXProject "PCH_PListReader" */ = {
			isa = XCConfigurationList;
			buildConfigurations = (
				D3CC52D823AAF1390099922E /* Debug */,
				D3CC52D923AAF1390099922E /* Release */,
			);
			defaultConfigurationIsVisible = 0;
			defaultConfigurationName = Release;
		};
		D3CC52DA23AAF1390099922E /* Build configuration list for PBXNativeTarget "PCH_PListReader" */ = {
			isa = XCConfigurationList;
			buildConfigurations = (
				D3CC52DB23AAF1390099922E /* Debug */,
				D3CC52DC23AAF1390099922E /* Release */,
			);
			defaultConfigurationIsVisible = 0;
			defaultConfigurationName = Release;
		};
/* End XCConfigurationList section */
	};
	rootObject = D3CC52CB23AAF1390099922E /* Project object */;
}
